
Microsoft Visual Studio Solution File, Format Version 12.00
# Visual Studio Version 17
VisualStudioVersion = 17.4.33403.182
MinimumVisualStudioVersion = 10.0.40219.1
Project("{FAE04EC0-301F-11D3-BF4B-00C04F79EFBC}") = "Square_Triangle_Circle", "Square_Triangle_Circle.csproj", "{43C1F842-BDA6-4731-8D9D-2A9EBE4809B2}"
EndProject
Global
	GlobalSection(SolutionConfigurationPlatforms) = preSolution
		Debug|Any CPU = Debug|Any CPU
		Release|Any CPU = Release|Any CPU
	EndGlobalSection
	GlobalSection(ProjectConfigurationPlatforms) = postSolution
		{43C1F842-BDA6-4731-8D9D-2A9EBE4809B2}.Debug|Any CPU.ActiveCfg = Debug|Any CPU
		{43C1F842-BDA6-4731-8D9D-2A9EBE4809B2}.Debug|Any CPU.Build.0 = Debug|Any CPU
		{43C1F842-BDA6-4731-8D9D-2A9EBE4809B2}.Release|Any CPU.ActiveCfg = Release|Any CPU
		{43C1F842-BDA6-4731-8D9D-2A9EBE4809B2}.Release|Any CPU.Build.0 = Release|Any CPU
	EndGlobalSection
	GlobalSection(SolutionProperties) = preSolution
		HideSolutionNode = FALSE
	EndGlobalSection
	GlobalSection(ExtensibilityGlobals) = postSolution
		SolutionGuid = {0CE61A91-E0AF-4336-944F-FD847ABC5B3E}
	EndGlobalSection
EndGlobal
